
Microsoft Visual Studio Solution File, Format Version 12.00
# Visual Studio Version 17
VisualStudioVersion = 17.9.34607.119
MinimumVisualStudioVersion = 10.0.40219.1
Project("{FAE04EC0-301F-11D3-BF4B-00C04F79EFBC}") = "ProductsAPI.Services", "ProductsAPI.Services\ProductsAPI.Services.csproj", "{9CE907DF-90C2-46F1-8906-3FB7A98EAF44}"
EndProject
Global
	GlobalSection(SolutionConfigurationPlatforms) = preSolution
		Debug|Any CPU = Debug|Any CPU
		Release|Any CPU = Release|Any CPU
	EndGlobalSection
	GlobalSection(ProjectConfigurationPlatforms) = postSolution
		{9CE907DF-90C2-46F1-8906-3FB7A98EAF44}.Debug|Any CPU.ActiveCfg = Debug|Any CPU
		{9CE907DF-90C2-46F1-8906-3FB7A98EAF44}.Debug|Any CPU.Build.0 = Debug|Any CPU
		{9CE907DF-90C2-46F1-8906-3FB7A98EAF44}.Release|Any CPU.ActiveCfg = Release|Any CPU
		{9CE907DF-90C2-46F1-8906-3FB7A98EAF44}.Release|Any CPU.Build.0 = Release|Any CPU
	EndGlobalSection
	GlobalSection(SolutionProperties) = preSolution
		HideSolutionNode = FALSE
	EndGlobalSection
	GlobalSection(ExtensibilityGlobals) = postSolution
		SolutionGuid = {C002F94A-6CE1-4A0F-86E4-4494B38EFFEF}
	EndGlobalSection
EndGlobal
